
Microsoft Visual Studio Solution File, Format Version 12.00
# Visual Studio 2012
Project("{FAE04EC0-301F-11D3-BF4B-00C04F79EFBC}") = "GitHub test", "GitHub test\GitHub test.csproj", "{03720829-9A5B-4FDC-981D-520A1AB6899A}"
EndProject
Global
	GlobalSection(SolutionConfigurationPlatforms) = preSolution
		Debug|Any CPU = Debug|Any CPU
		Release|Any CPU = Release|Any CPU
	EndGlobalSection
	GlobalSection(ProjectConfigurationPlatforms) = postSolution
		{03720829-9A5B-4FDC-981D-520A1AB6899A}.Debug|Any CPU.ActiveCfg = Debug|Any CPU
		{03720829-9A5B-4FDC-981D-520A1AB6899A}.Debug|Any CPU.Build.0 = Debug|Any CPU
		{03720829-9A5B-4FDC-981D-520A1AB6899A}.Release|Any CPU.ActiveCfg = Release|Any CPU
		{03720829-9A5B-4FDC-981D-520A1AB6899A}.Release|Any CPU.Build.0 = Release|Any CPU
	EndGlobalSection
	GlobalSection(SolutionProperties) = preSolution
		HideSolutionNode = FALSE
	EndGlobalSection
EndGlobal
